
Microsoft Visual Studio Solution File, Format Version 12.00
# Visual Studio Version 17
VisualStudioVersion = 17.6.33712.159
MinimumVisualStudioVersion = 10.0.40219.1
Project("{FAE04EC0-301F-11D3-BF4B-00C04F79EFBC}") = "Labguide5", "Labguide5.csproj", "{61FDA95C-9C3E-4796-B3EC-21BD36269420}"
EndProject
Global
	GlobalSection(SolutionConfigurationPlatforms) = preSolution
		Debug|Any CPU = Debug|Any CPU
		Release|Any CPU = Release|Any CPU
	EndGlobalSection
	GlobalSection(ProjectConfigurationPlatforms) = postSolution
		{61FDA95C-9C3E-4796-B3EC-21BD36269420}.Debug|Any CPU.ActiveCfg = Debug|Any CPU
		{61FDA95C-9C3E-4796-B3EC-21BD36269420}.Debug|Any CPU.Build.0 = Debug|Any CPU
		{61FDA95C-9C3E-4796-B3EC-21BD36269420}.Release|Any CPU.ActiveCfg = Release|Any CPU
		{61FDA95C-9C3E-4796-B3EC-21BD36269420}.Release|Any CPU.Build.0 = Release|Any CPU
	EndGlobalSection
	GlobalSection(SolutionProperties) = preSolution
		HideSolutionNode = FALSE
	EndGlobalSection
	GlobalSection(ExtensibilityGlobals) = postSolution
		SolutionGuid = {75E456EF-844B-4BE5-BE24-D45338A2AE73}
	EndGlobalSection
EndGlobal
